// !$*UTF8*$!
{
	archiveVersion = 1;
	classes = {
	};
	objectVersion = 56;
	objects = {

/* Begin PBXBuildFile section */
		6308E4942AE2787B00CB6C2A /* ImagePicker.swift in Sources */ = {isa = PBXBuildFile; fileRef = 6308E4932AE2787B00CB6C2A /* ImagePicker.swift */; };
		632AF4232AEA7A8400559D23 /* MemoryModel.xcdatamodeld in Sources */ = {isa = PBXBuildFile; fileRef = 632AF4212AEA7A8400559D23 /* MemoryModel.xcdatamodeld */; };
		632AF4252AEAD63A00559D23 /* Memory.swift in Sources */ = {isa = PBXBuildFile; fileRef = 632AF4242AEAD63A00559D23 /* Memory.swift */; };
		6362EB5F2AE28B66004703BB /* Time.swift in Sources */ = {isa = PBXBuildFile; fileRef = 6362EB5E2AE28B66004703BB /* Time.swift */; };
		6365D2EF2AE118A10019170B /* ChallengeViewModel.swift in Sources */ = {isa = PBXBuildFile; fileRef = 6365D2EE2AE118A10019170B /* ChallengeViewModel.swift */; };
		6365D2F12AE11E690019170B /* MemoriesView.swift in Sources */ = {isa = PBXBuildFile; fileRef = 6365D2F02AE11E690019170B /* MemoriesView.swift */; };
		6365D2F32AE11EBC0019170B /* AchievementsView.swift in Sources */ = {isa = PBXBuildFile; fileRef = 6365D2F22AE11EBC0019170B /* AchievementsView.swift */; };
		6365D2F52AE120310019170B /* MemoryViewModel.swift in Sources */ = {isa = PBXBuildFile; fileRef = 6365D2F42AE120310019170B /* MemoryViewModel.swift */; };
		6365D2F72AE120D10019170B /* MemoryDetailedView.swift in Sources */ = {isa = PBXBuildFile; fileRef = 6365D2F62AE120D10019170B /* MemoryDetailedView.swift */; };
		6365D2F92AE122930019170B /* AchievementsViewModel.swift in Sources */ = {isa = PBXBuildFile; fileRef = 6365D2F82AE122930019170B /* AchievementsViewModel.swift */; };
		6365D2FB2AE124420019170B /* AchievementDetailedView.swift in Sources */ = {isa = PBXBuildFile; fileRef = 6365D2FA2AE124420019170B /* AchievementDetailedView.swift */; };
		6365D2FD2AE124940019170B /* AchievementModel.swift in Sources */ = {isa = PBXBuildFile; fileRef = 6365D2FC2AE124940019170B /* AchievementModel.swift */; };
		6365D3022AE127490019170B /* ChallengeDetailedView.swift in Sources */ = {isa = PBXBuildFile; fileRef = 6365D3012AE127490019170B /* ChallengeDetailedView.swift */; };
		6388B7032ADE940300CCA6B6 /* BoredApp.swift in Sources */ = {isa = PBXBuildFile; fileRef = 6388B7022ADE940300CCA6B6 /* BoredApp.swift */; };
		6388B7052ADE940300CCA6B6 /* ContentView.swift in Sources */ = {isa = PBXBuildFile; fileRef = 6388B7042ADE940300CCA6B6 /* ContentView.swift */; };
		6388B7072ADE940500CCA6B6 /* Assets.xcassets in Resources */ = {isa = PBXBuildFile; fileRef = 6388B7062ADE940500CCA6B6 /* Assets.xcassets */; };
		6388B70A2ADE940500CCA6B6 /* Preview Assets.xcassets in Resources */ = {isa = PBXBuildFile; fileRef = 6388B7092ADE940500CCA6B6 /* Preview Assets.xcassets */; };
		63D5219D2ADFE53A00EAE4BC /* ChallengeModel.swift in Sources */ = {isa = PBXBuildFile; fileRef = 63D5219C2ADFE53A00EAE4BC /* ChallengeModel.swift */; };
/* End PBXBuildFile section */

/* Begin PBXFileReference section */
		6308E4932AE2787B00CB6C2A /* ImagePicker.swift */ = {isa = PBXFileReference; lastKnownFileType = sourcecode.swift; path = ImagePicker.swift; sourceTree = "<group>"; };
		632AF4222AEA7A8400559D23 /* MemoryModel.xcdatamodel */ = {isa = PBXFileReference; lastKnownFileType = wrapper.xcdatamodel; path = MemoryModel.xcdatamodel; sourceTree = "<group>"; };
		632AF4242AEAD63A00559D23 /* Memory.swift */ = {isa = PBXFileReference; lastKnownFileType = sourcecode.swift; path = Memory.swift; sourceTree = "<group>"; };
		6362EB5E2AE28B66004703BB /* Time.swift */ = {isa = PBXFileReference; lastKnownFileType = sourcecode.swift; path = Time.swift; sourceTree = "<group>"; };
		6365D2EE2AE118A10019170B /* ChallengeViewModel.swift */ = {isa = PBXFileReference; lastKnownFileType = sourcecode.swift; path = ChallengeViewModel.swift; sourceTree = "<group>"; };
		6365D2F02AE11E690019170B /* MemoriesView.swift */ = {isa = PBXFileReference; lastKnownFileType = sourcecode.swift; path = MemoriesView.swift; sourceTree = "<group>"; };
		6365D2F22AE11EBC0019170B /* AchievementsView.swift */ = {isa = PBXFileReference; lastKnownFileType = sourcecode.swift; path = AchievementsView.swift; sourceTree = "<group>"; };
		6365D2F42AE120310019170B /* MemoryViewModel.swift */ = {isa = PBXFileReference; lastKnownFileType = sourcecode.swift; path = MemoryViewModel.swift; sourceTree = "<group>"; };
		6365D2F62AE120D10019170B /* MemoryDetailedView.swift */ = {isa = PBXFileReference; lastKnownFileType = sourcecode.swift; path = MemoryDetailedView.swift; sourceTree = "<group>"; };
		6365D2F82AE122930019170B /* AchievementsViewModel.swift */ = {isa = PBXFileReference; lastKnownFileType = sourcecode.swift; path = AchievementsViewModel.swift; sourceTree = "<group>"; };
		6365D2FA2AE124420019170B /* AchievementDetailedView.swift */ = {isa = PBXFileReference; lastKnownFileType = sourcecode.swift; path = AchievementDetailedView.swift; sourceTree = "<group>"; };
		6365D2FC2AE124940019170B /* AchievementModel.swift */ = {isa = PBXFileReference; lastKnownFileType = sourcecode.swift; path = AchievementModel.swift; sourceTree = "<group>"; };
		6365D3012AE127490019170B /* ChallengeDetailedView.swift */ = {isa = PBXFileReference; lastKnownFileType = sourcecode.swift; path = ChallengeDetailedView.swift; sourceTree = "<group>"; };
		6388B6FF2ADE940300CCA6B6 /* Fabries.app */ = {isa = PBXFileReference; explicitFileType = wrapper.application; includeInIndex = 0; path = Fabries.app; sourceTree = BUILT_PRODUCTS_DIR; };
		6388B7022ADE940300CCA6B6 /* BoredApp.swift */ = {isa = PBXFileReference; lastKnownFileType = sourcecode.swift; path = BoredApp.swift; sourceTree = "<group>"; };
		6388B7042ADE940300CCA6B6 /* ContentView.swift */ = {isa = PBXFileReference; lastKnownFileType = sourcecode.swift; path = ContentView.swift; sourceTree = "<group>"; };
		6388B7062ADE940500CCA6B6 /* Assets.xcassets */ = {isa = PBXFileReference; lastKnownFileType = folder.assetcatalog; path = Assets.xcassets; sourceTree = "<group>"; };
		6388B7092ADE940500CCA6B6 /* Preview Assets.xcassets */ = {isa = PBXFileReference; lastKnownFileType = folder.assetcatalog; path = "Preview Assets.xcassets"; sourceTree = "<group>"; };
		63D5219C2ADFE53A00EAE4BC /* ChallengeModel.swift */ = {isa = PBXFileReference; lastKnownFileType = sourcecode.swift; path = ChallengeModel.swift; sourceTree = "<group>"; };
/* End PBXFileReference section */

/* Begin PBXFrameworksBuildPhase section */
		6388B6FC2ADE940300CCA6B6 /* Frameworks */ = {
			isa = PBXFrameworksBuildPhase;
			buildActionMask = 2147483647;
			files = (
			);
			runOnlyForDeploymentPostprocessing = 0;
		};
/* End PBXFrameworksBuildPhase section */

/* Begin PBXGroup section */
		6365D2FE2AE126D70019170B /* ViewModel */ = {
			isa = PBXGroup;
			children = (
				6365D2EE2AE118A10019170B /* ChallengeViewModel.swift */,
				6365D2F42AE120310019170B /* MemoryViewModel.swift */,
				6365D2F82AE122930019170B /* AchievementsViewModel.swift */,
				6308E4932AE2787B00CB6C2A /* ImagePicker.swift */,
				6362EB5E2AE28B66004703BB /* Time.swift */,
			);
			path = ViewModel;
			sourceTree = "<group>";
		};
		6365D2FF2AE126FE0019170B /* View */ = {
			isa = PBXGroup;
			children = (
				6365D3002AE127160019170B /* DetailedViews */,
				6388B7042ADE940300CCA6B6 /* ContentView.swift */,
				6365D2F02AE11E690019170B /* MemoriesView.swift */,
				6365D2F22AE11EBC0019170B /* AchievementsView.swift */,
			);
			path = View;
			sourceTree = "<group>";
		};
		6365D3002AE127160019170B /* DetailedViews */ = {
			isa = PBXGroup;
			children = (
				6365D2FA2AE124420019170B /* AchievementDetailedView.swift */,
				6365D2F62AE120D10019170B /* MemoryDetailedView.swift */,
				6365D3012AE127490019170B /* ChallengeDetailedView.swift */,
			);
			path = DetailedViews;
			sourceTree = "<group>";
		};
		6388B6F62ADE940300CCA6B6 = {
			isa = PBXGroup;
			children = (
				6388B7012ADE940300CCA6B6 /* Bored */,
				6388B7002ADE940300CCA6B6 /* Products */,
			);
			sourceTree = "<group>";
		};
		6388B7002ADE940300CCA6B6 /* Products */ = {
			isa = PBXGroup;
			children = (
				6388B6FF2ADE940300CCA6B6 /* Fabries.app */,
			);
			name = Products;
			sourceTree = "<group>";
		};
		6388B7012ADE940300CCA6B6 /* Bored */ = {
			isa = PBXGroup;
			children = (
				6365D2FF2AE126FE0019170B /* View */,
				6388B7022ADE940300CCA6B6 /* BoredApp.swift */,
				6365D2FE2AE126D70019170B /* ViewModel */,
				63D5219B2ADFE52A00EAE4BC /* Model */,
				6388B7062ADE940500CCA6B6 /* Assets.xcassets */,
				6388B7082ADE940500CCA6B6 /* Preview Content */,
			);
			path = Bored;
			sourceTree = "<group>";
		};
		6388B7082ADE940500CCA6B6 /* Preview Content */ = {
			isa = PBXGroup;
			children = (
				6388B7092ADE940500CCA6B6 /* Preview Assets.xcassets */,
			);
			path = "Preview Content";
			sourceTree = "<group>";
		};
		63D5219B2ADFE52A00EAE4BC /* Model */ = {
			isa = PBXGroup;
			children = (
				63D5219C2ADFE53A00EAE4BC /* ChallengeModel.swift */,
				6365D2FC2AE124940019170B /* AchievementModel.swift */,
				632AF4212AEA7A8400559D23 /* MemoryModel.xcdatamodeld */,
				632AF4242AEAD63A00559D23 /* Memory.swift */,
			);
			path = Model;
			sourceTree = "<group>";
		};
/* End PBXGroup section */

/* Begin PBXNativeTarget section */
		6388B6FE2ADE940300CCA6B6 /* Fabries */ = {
			isa = PBXNativeTarget;
			buildConfigurationList = 6388B70D2ADE940500CCA6B6 /* Build configuration list for PBXNativeTarget "Fabries" */;
			buildPhases = (
				6388B6FB2ADE940300CCA6B6 /* Sources */,
				6388B6FC2ADE940300CCA6B6 /* Frameworks */,
				6388B6FD2ADE940300CCA6B6 /* Resources */,
			);
			buildRules = (
			);
			dependencies = (
			);
			name = Fabries;
			productName = Bored;
			productReference = 6388B6FF2ADE940300CCA6B6 /* Fabries.app */;
			productType = "com.apple.product-type.application";
		};
/* End PBXNativeTarget section */

/* Begin PBXProject section */
		6388B6F72ADE940300CCA6B6 /* Project object */ = {
			isa = PBXProject;
			attributes = {
				BuildIndependentTargetsInParallel = 1;
				LastSwiftUpdateCheck = 1500;
				LastUpgradeCheck = 1500;
				TargetAttributes = {
					6388B6FE2ADE940300CCA6B6 = {
						CreatedOnToolsVersion = 15.0;
					};
				};
			};
			buildConfigurationList = 6388B6FA2ADE940300CCA6B6 /* Build configuration list for PBXProject "Bored" */;
			compatibilityVersion = "Xcode 14.0";
			developmentRegion = en;
			hasScannedForEncodings = 0;
			knownRegions = (
				en,
				Base,
			);
			mainGroup = 6388B6F62ADE940300CCA6B6;
			productRefGroup = 6388B7002ADE940300CCA6B6 /* Products */;
			projectDirPath = "";
			projectRoot = "";
			targets = (
				6388B6FE2ADE940300CCA6B6 /* Fabries */,
			);
		};
/* End PBXProject section */

/* Begin PBXResourcesBuildPhase section */
		6388B6FD2ADE940300CCA6B6 /* Resources */ = {
			isa = PBXResourcesBuildPhase;
			buildActionMask = 2147483647;
			files = (
				6388B70A2ADE940500CCA6B6 /* Preview Assets.xcassets in Resources */,
				6388B7072ADE940500CCA6B6 /* Assets.xcassets in Resources */,
			);
			runOnlyForDeploymentPostprocessing = 0;
		};
/* End PBXResourcesBuildPhase section */

/* Begin PBXSourcesBuildPhase section */
		6388B6FB2ADE940300CCA6B6 /* Sources */ = {
			isa = PBXSourcesBuildPhase;
			buildActionMask = 2147483647;
			files = (
				6308E4942AE2787B00CB6C2A /* ImagePicker.swift in Sources */,
				6365D2FD2AE124940019170B /* AchievementModel.swift in Sources */,
				6362EB5F2AE28B66004703BB /* Time.swift in Sources */,
				6365D2F52AE120310019170B /* MemoryViewModel.swift in Sources */,
				6365D2F12AE11E690019170B /* MemoriesView.swift in Sources */,
				63D5219D2ADFE53A00EAE4BC /* ChallengeModel.swift in Sources */,
				6365D2F72AE120D10019170B /* MemoryDetailedView.swift in Sources */,
				632AF4252AEAD63A00559D23 /* Memory.swift in Sources */,
				6388B7052ADE940300CCA6B6 /* ContentView.swift in Sources */,
				6365D2F92AE122930019170B /* AchievementsViewModel.swift in Sources */,
				632AF4232AEA7A8400559D23 /* MemoryModel.xcdatamodeld in Sources */,
				6365D2FB2AE124420019170B /* AchievementDetailedView.swift in Sources */,
				6365D3022AE127490019170B /* ChallengeDetailedView.swift in Sources */,
				6365D2EF2AE118A10019170B /* ChallengeViewModel.swift in Sources */,
				6365D2F32AE11EBC0019170B /* AchievementsView.swift in Sources */,
				6388B7032ADE940300CCA6B6 /* BoredApp.swift in Sources */,
			);
			runOnlyForDeploymentPostprocessing = 0;
		};
/* End PBXSourcesBuildPhase section */

/* Begin XCBuildConfiguration section */
		6388B70B2ADE940500CCA6B6 /* Debug */ = {
			isa = XCBuildConfiguration;
			buildSettings = {
				ALWAYS_SEARCH_USER_PATHS = NO;
				ASSETCATALOG_COMPILER_GENERATE_SWIFT_ASSET_SYMBOL_EXTENSIONS = YES;
				CLANG_ANALYZER_NONNULL = YES;
				CLANG_ANALYZER_NUMBER_OBJECT_CONVERSION = YES_AGGRESSIVE;
				CLANG_CXX_LANGUAGE_STANDARD = "gnu++20";
				CLANG_ENABLE_MODULES = YES;
				CLANG_ENABLE_OBJC_ARC = YES;
				CLANG_ENABLE_OBJC_WEAK = YES;
				CLANG_WARN_BLOCK_CAPTURE_AUTORELEASING = YES;
				CLANG_WARN_BOOL_CONVERSION = YES;
				CLANG_WARN_COMMA = YES;
				CLANG_WARN_CONSTANT_CONVERSION = YES;
				CLANG_WARN_DEPRECATED_OBJC_IMPLEMENTATIONS = YES;
				CLANG_WARN_DIRECT_OBJC_ISA_USAGE = YES_ERROR;
				CLANG_WARN_DOCUMENTATION_COMMENTS = YES;
				CLANG_WARN_EMPTY_BODY = YES;
				CLANG_WARN_ENUM_CONVERSION = YES;
				CLANG_WARN_INFINITE_RECURSION = YES;
				CLANG_WARN_INT_CONVERSION = YES;
				CLANG_WARN_NON_LITERAL_NULL_CONVERSION = YES;
				CLANG_WARN_OBJC_IMPLICIT_RETAIN_SELF = YES;
				CLANG_WARN_OBJC_LITERAL_CONVERSION = YES;
				CLANG_WARN_OBJC_ROOT_CLASS = YES_ERROR;
				CLANG_WARN_QUOTED_INCLUDE_IN_FRAMEWORK_HEADER = YES;
				CLANG_WARN_RANGE_LOOP_ANALYSIS = YES;
				CLANG_WARN_STRICT_PROTOTYPES = YES;
				CLANG_WARN_SUSPICIOUS_MOVE = YES;
				CLANG_WARN_UNGUARDED_AVAILABILITY = YES_AGGRESSIVE;
				CLANG_WARN_UNREACHABLE_CODE = YES;
				CLANG_WARN__DUPLICATE_METHOD_MATCH = YES;
				COPY_PHASE_STRIP = NO;
				DEBUG_INFORMATION_FORMAT = dwarf;
				ENABLE_STRICT_OBJC_MSGSEND = YES;
				ENABLE_TESTABILITY = YES;
				ENABLE_USER_SCRIPT_SANDBOXING = YES;
				GCC_C_LANGUAGE_STANDARD = gnu17;
				GCC_DYNAMIC_NO_PIC = NO;
				GCC_NO_COMMON_BLOCKS = YES;
				GCC_OPTIMIZATION_LEVEL = 0;
				GCC_PREPROCESSOR_DEFINITIONS = (
					"DEBUG=1",
					"$(inherited)",
				);
				GCC_WARN_64_TO_32_BIT_CONVERSION = YES;
				GCC_WARN_ABOUT_RETURN_TYPE = YES_ERROR;
				GCC_WARN_UNDECLARED_SELECTOR = YES;
				GCC_WARN_UNINITIALIZED_AUTOS = YES_AGGRESSIVE;
				GCC_WARN_UNUSED_FUNCTION = YES;
				GCC_WARN_UNUSED_VARIABLE = YES;
				IPHONEOS_DEPLOYMENT_TARGET = 17.0;
				LOCALIZATION_PREFERS_STRING_CATALOGS = YES;
				MTL_ENABLE_DEBUG_INFO = INCLUDE_SOURCE;
				MTL_FAST_MATH = YES;
				ONLY_ACTIVE_ARCH = YES;
				SDKROOT = iphoneos;
				SWIFT_ACTIVE_COMPILATION_CONDITIONS = "DEBUG $(inherited)";
				SWIFT_OPTIMIZATION_LEVEL = "-Onone";
			};
			name = Debug;
		};
		6388B70C2ADE940500CCA6B6 /* Release */ = {
			isa = XCBuildConfiguration;
			buildSettings = {
				ALWAYS_SEARCH_USER_PATHS = NO;
				ASSETCATALOG_COMPILER_GENERATE_SWIFT_ASSET_SYMBOL_EXTENSIONS = YES;
				CLANG_ANALYZER_NONNULL = YES;
				CLANG_ANALYZER_NUMBER_OBJECT_CONVERSION = YES_AGGRESSIVE;
				CLANG_CXX_LANGUAGE_STANDARD = "gnu++20";
				CLANG_ENABLE_MODULES = YES;
				CLANG_ENABLE_OBJC_ARC = YES;
				CLANG_ENABLE_OBJC_WEAK = YES;
				CLANG_WARN_BLOCK_CAPTURE_AUTORELEASING = YES;
				CLANG_WARN_BOOL_CONVERSION = YES;
				CLANG_WARN_COMMA = YES;
				CLANG_WARN_CONSTANT_CONVERSION = YES;
				CLANG_WARN_DEPRECATED_OBJC_IMPLEMENTATIONS = YES;
				CLANG_WARN_DIRECT_OBJC_ISA_USAGE = YES_ERROR;
				CLANG_WARN_DOCUMENTATION_COMMENTS = YES;
				CLANG_WARN_EMPTY_BODY = YES;
				CLANG_WARN_ENUM_CONVERSION = YES;
				CLANG_WARN_INFINITE_RECURSION = YES;
				CLANG_WARN_INT_CONVERSION = YES;
				CLANG_WARN_NON_LITERAL_NULL_CONVERSION = YES;
				CLANG_WARN_OBJC_IMPLICIT_RETAIN_SELF = YES;
				CLANG_WARN_OBJC_LITERAL_CONVERSION = YES;
				CLANG_WARN_OBJC_ROOT_CLASS = YES_ERROR;
				CLANG_WARN_QUOTED_INCLUDE_IN_FRAMEWORK_HEADER = YES;
				CLANG_WARN_RANGE_LOOP_ANALYSIS = YES;
				CLANG_WARN_STRICT_PROTOTYPES = YES;
				CLANG_WARN_SUSPICIOUS_MOVE = YES;
				CLANG_WARN_UNGUARDED_AVAILABILITY = YES_AGGRESSIVE;
				CLANG_WARN_UNREACHABLE_CODE = YES;
				CLANG_WARN__DUPLICATE_METHOD_MATCH = YES;
				COPY_PHASE_STRIP = NO;
				DEBUG_INFORMATION_FORMAT = "dwarf-with-dsym";
				ENABLE_NS_ASSERTIONS = NO;
				ENABLE_STRICT_OBJC_MSGSEND = YES;
				ENABLE_USER_SCRIPT_SANDBOXING = YES;
				GCC_C_LANGUAGE_STANDARD = gnu17;
				GCC_NO_COMMON_BLOCKS = YES;
				GCC_WARN_64_TO_32_BIT_CONVERSION = YES;
				GCC_WARN_ABOUT_RETURN_TYPE = YES_ERROR;
				GCC_WARN_UNDECLARED_SELECTOR = YES;
				GCC_WARN_UNINITIALIZED_AUTOS = YES_AGGRESSIVE;
				GCC_WARN_UNUSED_FUNCTION = YES;
				GCC_WARN_UNUSED_VARIABLE = YES;
				IPHONEOS_DEPLOYMENT_TARGET = 17.0;
				LOCALIZATION_PREFERS_STRING_CATALOGS = YES;
				MTL_ENABLE_DEBUG_INFO = NO;
				MTL_FAST_MATH = YES;
				SDKROOT = iphoneos;
				SWIFT_COMPILATION_MODE = wholemodule;
				VALIDATE_PRODUCT = YES;
			};
			name = Release;
		};
		6388B70E2ADE940500CCA6B6 /* Debug */ = {
			isa = XCBuildConfiguration;
			buildSettings = {
				ASSETCATALOG_COMPILER_APPICON_NAME = AppIcon;
				ASSETCATALOG_COMPILER_GLOBAL_ACCENT_COLOR_NAME = AccentColor;
				CODE_SIGN_STYLE = Automatic;
				CURRENT_PROJECT_VERSION = 1;
				DEVELOPMENT_ASSET_PATHS = "\"Bored/Preview Content\"";
				DEVELOPMENT_TEAM = 64GY7MDQ8L;
				ENABLE_PREVIEWS = YES;
				GENERATE_INFOPLIST_FILE = YES;
				INFOPLIST_KEY_CFBundleDisplayName = Fabries;
				INFOPLIST_KEY_LSApplicationCategoryType = "public.app-category.lifestyle";
				INFOPLIST_KEY_NSPhotoLibraryUsageDescription = "Please allow access to upload your amazing pics of the challenges.";
				INFOPLIST_KEY_UIApplicationSceneManifest_Generation = YES;
				INFOPLIST_KEY_UIApplicationSupportsIndirectInputEvents = YES;
				INFOPLIST_KEY_UILaunchScreen_Generation = YES;
				INFOPLIST_KEY_UISupportedInterfaceOrientations_iPad = "UIInterfaceOrientationPortrait UIInterfaceOrientationPortraitUpsideDown UIInterfaceOrientationLandscapeLeft UIInterfaceOrientationLandscapeRight";
				INFOPLIST_KEY_UISupportedInterfaceOrientations_iPhone = "UIInterfaceOrientationPortrait UIInterfaceOrientationLandscapeLeft UIInterfaceOrientationLandscapeRight";
				LD_RUNPATH_SEARCH_PATHS = (
					"$(inherited)",
					"@executable_path/Frameworks",
				);
				MARKETING_VERSION = 1.0;
				PRODUCT_BUNDLE_IDENTIFIER = devroni.Bored7;
				PRODUCT_NAME = "$(TARGET_NAME)";
				SWIFT_EMIT_LOC_STRINGS = YES;
				SWIFT_VERSION = 5.0;
				TARGETED_DEVICE_FAMILY = "1,2";
			};
			name = Debug;
		};
		6388B70F2ADE940500CCA6B6 /* Release */ = {
			isa = XCBuildConfiguration;
			buildSettings = {
				ASSETCATALOG_COMPILER_APPICON_NAME = AppIcon;
				ASSETCATALOG_COMPILER_GLOBAL_ACCENT_COLOR_NAME = AccentColor;
				CODE_SIGN_STYLE = Automatic;
				CURRENT_PROJECT_VERSION = 1;
				DEVELOPMENT_ASSET_PATHS = "\"Bored/Preview Content\"";
				DEVELOPMENT_TEAM = 64GY7MDQ8L;
				ENABLE_PREVIEWS = YES;
				GENERATE_INFOPLIST_FILE = YES;
				INFOPLIST_KEY_CFBundleDisplayName = Fabries;
				INFOPLIST_KEY_LSApplicationCategoryType = "public.app-category.lifestyle";
				INFOPLIST_KEY_NSPhotoLibraryUsageDescription = "Please allow access to upload your amazing pics of the challenges.";
				INFOPLIST_KEY_UIApplicationSceneManifest_Generation = YES;
				INFOPLIST_KEY_UIApplicationSupportsIndirectInputEvents = YES;
				INFOPLIST_KEY_UILaunchScreen_Generation = YES;
				INFOPLIST_KEY_UISupportedInterfaceOrientations_iPad = "UIInterfaceOrientationPortrait UIInterfaceOrientationPortraitUpsideDown UIInterfaceOrientationLandscapeLeft UIInterfaceOrientationLandscapeRight";
				INFOPLIST_KEY_UISupportedInterfaceOrientations_iPhone = "UIInterfaceOrientationPortrait UIInterfaceOrientationLandscapeLeft UIInterfaceOrientationLandscapeRight";
				LD_RUNPATH_SEARCH_PATHS = (
					"$(inherited)",
					"@executable_path/Frameworks",
				);
				MARKETING_VERSION = 1.0;
				PRODUCT_BUNDLE_IDENTIFIER = devroni.Bored7;
				PRODUCT_NAME = "$(TARGET_NAME)";
				SWIFT_EMIT_LOC_STRINGS = YES;
				SWIFT_VERSION = 5.0;
				TARGETED_DEVICE_FAMILY = "1,2";
			};
			name = Release;
		};
/* End XCBuildConfiguration section */

/* Begin XCConfigurationList section */
		6388B6FA2ADE940300CCA6B6 /* Build configuration list for PBXProject "Bored" */ = {
			isa = XCConfigurationList;
			buildConfigurations = (
				6388B70B2ADE940500CCA6B6 /* Debug */,
				6388B70C2ADE940500CCA6B6 /* Release */,
			);
			defaultConfigurationIsVisible = 0;
			defaultConfigurationName = Release;
		};
		6388B70D2ADE940500CCA6B6 /* Build configuration list for PBXNativeTarget "Fabries" */ = {
			isa = XCConfigurationList;
			buildConfigurations = (
				6388B70E2ADE940500CCA6B6 /* Debug */,
				6388B70F2ADE940500CCA6B6 /* Release */,
			);
			defaultConfigurationIsVisible = 0;
			defaultConfigurationName = Release;
		};
/* End XCConfigurationList section */

/* Begin XCVersionGroup section */
		632AF4212AEA7A8400559D23 /* MemoryModel.xcdatamodeld */ = {
			isa = XCVersionGroup;
			children = (
				632AF4222AEA7A8400559D23 /* MemoryModel.xcdatamodel */,
			);
			currentVersion = 632AF4222AEA7A8400559D23 /* MemoryModel.xcdatamodel */;
			path = MemoryModel.xcdatamodeld;
			sourceTree = "<group>";
			versionGroupType = wrapper.xcdatamodel;
		};
/* End XCVersionGroup section */
	};
	rootObject = 6388B6F72ADE940300CCA6B6 /* Project object */;
}
